
Microsoft Visual Studio Solution File, Format Version 12.00
# Visual Studio Version 16
VisualStudioVersion = 16.0.29613.14
MinimumVisualStudioVersion = 10.0.40219.1
Project("{FAE04EC0-301F-11D3-BF4B-00C04F79EFBC}") = "ContosoUniversityWebApp", "ContosoUniversityWebApp.csproj", "{7A0B5E6C-CDF3-4693-BF02-A9FE01632A0E}"
EndProject
Global
	GlobalSection(SolutionConfigurationPlatforms) = preSolution
		Debug|Any CPU = Debug|Any CPU
		Release|Any CPU = Release|Any CPU
	EndGlobalSection
	GlobalSection(ProjectConfigurationPlatforms) = postSolution
		{7A0B5E6C-CDF3-4693-BF02-A9FE01632A0E}.Debug|Any CPU.ActiveCfg = Debug|Any CPU
		{7A0B5E6C-CDF3-4693-BF02-A9FE01632A0E}.Debug|Any CPU.Build.0 = Debug|Any CPU
		{7A0B5E6C-CDF3-4693-BF02-A9FE01632A0E}.Release|Any CPU.ActiveCfg = Release|Any CPU
		{7A0B5E6C-CDF3-4693-BF02-A9FE01632A0E}.Release|Any CPU.Build.0 = Release|Any CPU
	EndGlobalSection
	GlobalSection(SolutionProperties) = preSolution
		HideSolutionNode = FALSE
	EndGlobalSection
	GlobalSection(ExtensibilityGlobals) = postSolution
		SolutionGuid = {3EFC01A3-D73C-4824-BE94-EE23597B9727}
	EndGlobalSection
EndGlobal
